
Microsoft Visual Studio Solution File, Format Version 12.00
Project("{FAE04EC0-301F-11D3-BF4B-00C04F79EFBC}") = "MiLARP.Domain", "MiLARP.Domain\MiLARP.Domain.csproj", "{ECFE5E5C-EE41-4A0B-8BAE-6D4C22386A55}"
EndProject
Global
	GlobalSection(SolutionConfigurationPlatforms) = preSolution
		Debug|Any CPU = Debug|Any CPU
		Release|Any CPU = Release|Any CPU
	EndGlobalSection
	GlobalSection(ProjectConfigurationPlatforms) = postSolution
		{ECFE5E5C-EE41-4A0B-8BAE-6D4C22386A55}.Debug|Any CPU.ActiveCfg = Debug|Any CPU
		{ECFE5E5C-EE41-4A0B-8BAE-6D4C22386A55}.Debug|Any CPU.Build.0 = Debug|Any CPU
		{ECFE5E5C-EE41-4A0B-8BAE-6D4C22386A55}.Release|Any CPU.ActiveCfg = Release|Any CPU
		{ECFE5E5C-EE41-4A0B-8BAE-6D4C22386A55}.Release|Any CPU.Build.0 = Release|Any CPU
	EndGlobalSection
EndGlobal
